// !$*UTF8*$!
{
	archiveVersion = 1;
	classes = {
	};
	objectVersion = 50;
	objects = {

/* Begin PBXBuildFile section */
		BE1B971624B611FA007536E9 /* AppDelegate.swift in Sources */ = {isa = PBXBuildFile; fileRef = BE1B971524B611FA007536E9 /* AppDelegate.swift */; };
		BE1B971824B611FA007536E9 /* SceneDelegate.swift in Sources */ = {isa = PBXBuildFile; fileRef = BE1B971724B611FA007536E9 /* SceneDelegate.swift */; };
		BE1B971B24B611FA007536E9 /* Todo.xcdatamodeld in Sources */ = {isa = PBXBuildFile; fileRef = BE1B971924B611FA007536E9 /* Todo.xcdatamodeld */; };
		BE1B971D24B611FA007536E9 /* ContentView.swift in Sources */ = {isa = PBXBuildFile; fileRef = BE1B971C24B611FA007536E9 /* ContentView.swift */; };
		BE1B971F24B611FC007536E9 /* Assets.xcassets in Resources */ = {isa = PBXBuildFile; fileRef = BE1B971E24B611FC007536E9 /* Assets.xcassets */; };
		BE1B972224B611FC007536E9 /* Preview Assets.xcassets in Resources */ = {isa = PBXBuildFile; fileRef = BE1B972124B611FC007536E9 /* Preview Assets.xcassets */; };
		BE1B972524B611FC007536E9 /* LaunchScreen.storyboard in Resources */ = {isa = PBXBuildFile; fileRef = BE1B972324B611FC007536E9 /* LaunchScreen.storyboard */; };
		BE1B973024B611FC007536E9 /* TodoTests.swift in Sources */ = {isa = PBXBuildFile; fileRef = BE1B972F24B611FC007536E9 /* TodoTests.swift */; };
		BE1B973B24B611FC007536E9 /* TodoUITests.swift in Sources */ = {isa = PBXBuildFile; fileRef = BE1B973A24B611FC007536E9 /* TodoUITests.swift */; };
		BE1B974924B613BA007536E9 /* CategoryImage.swift in Sources */ = {isa = PBXBuildFile; fileRef = BE1B974824B613BA007536E9 /* CategoryImage.swift */; };
		BE1B974B24B76707007536E9 /* CheckBox.swift in Sources */ = {isa = PBXBuildFile; fileRef = BE1B974A24B76706007536E9 /* CheckBox.swift */; };
		BE1B974E24B77023007536E9 /* Color+Extension.swift in Sources */ = {isa = PBXBuildFile; fileRef = BE1B974D24B77023007536E9 /* Color+Extension.swift */; };
		BE1B975024B770C5007536E9 /* UserView.swift in Sources */ = {isa = PBXBuildFile; fileRef = BE1B974F24B770C5007536E9 /* UserView.swift */; };
		BED25D7E24B8A08600201CA7 /* TodoEntity+Extension.swift in Sources */ = {isa = PBXBuildFile; fileRef = BED25D7D24B8A08600201CA7 /* TodoEntity+Extension.swift */; };
		BED25D8024B8A32200201CA7 /* CategoryView.swift in Sources */ = {isa = PBXBuildFile; fileRef = BED25D7F24B8A32200201CA7 /* CategoryView.swift */; };
/* End PBXBuildFile section */

/* Begin PBXContainerItemProxy section */
		BE1B972C24B611FC007536E9 /* PBXContainerItemProxy */ = {
			isa = PBXContainerItemProxy;
			containerPortal = BE1B970A24B611FA007536E9 /* Project object */;
			proxyType = 1;
			remoteGlobalIDString = BE1B971124B611FA007536E9;
			remoteInfo = Todo;
		};
		BE1B973724B611FC007536E9 /* PBXContainerItemProxy */ = {
			isa = PBXContainerItemProxy;
			containerPortal = BE1B970A24B611FA007536E9 /* Project object */;
			proxyType = 1;
			remoteGlobalIDString = BE1B971124B611FA007536E9;
			remoteInfo = Todo;
		};
/* End PBXContainerItemProxy section */

/* Begin PBXFileReference section */
		BE1B971224B611FA007536E9 /* Todo.app */ = {isa = PBXFileReference; explicitFileType = wrapper.application; includeInIndex = 0; path = Todo.app; sourceTree = BUILT_PRODUCTS_DIR; };
		BE1B971524B611FA007536E9 /* AppDelegate.swift */ = {isa = PBXFileReference; lastKnownFileType = sourcecode.swift; path = AppDelegate.swift; sourceTree = "<group>"; };
		BE1B971724B611FA007536E9 /* SceneDelegate.swift */ = {isa = PBXFileReference; lastKnownFileType = sourcecode.swift; path = SceneDelegate.swift; sourceTree = "<group>"; };
		BE1B971A24B611FA007536E9 /* Todo.xcdatamodel */ = {isa = PBXFileReference; lastKnownFileType = wrapper.xcdatamodel; path = Todo.xcdatamodel; sourceTree = "<group>"; };
		BE1B971C24B611FA007536E9 /* ContentView.swift */ = {isa = PBXFileReference; lastKnownFileType = sourcecode.swift; path = ContentView.swift; sourceTree = "<group>"; };
		BE1B971E24B611FC007536E9 /* Assets.xcassets */ = {isa = PBXFileReference; lastKnownFileType = folder.assetcatalog; path = Assets.xcassets; sourceTree = "<group>"; };
		BE1B972124B611FC007536E9 /* Preview Assets.xcassets */ = {isa = PBXFileReference; lastKnownFileType = folder.assetcatalog; path = "Preview Assets.xcassets"; sourceTree = "<group>"; };
		BE1B972424B611FC007536E9 /* Base */ = {isa = PBXFileReference; lastKnownFileType = file.storyboard; name = Base; path = Base.lproj/LaunchScreen.storyboard; sourceTree = "<group>"; };
		BE1B972624B611FC007536E9 /* Info.plist */ = {isa = PBXFileReference; lastKnownFileType = text.plist.xml; path = Info.plist; sourceTree = "<group>"; };
		BE1B972B24B611FC007536E9 /* TodoTests.xctest */ = {isa = PBXFileReference; explicitFileType = wrapper.cfbundle; includeInIndex = 0; path = TodoTests.xctest; sourceTree = BUILT_PRODUCTS_DIR; };
		BE1B972F24B611FC007536E9 /* TodoTests.swift */ = {isa = PBXFileReference; lastKnownFileType = sourcecode.swift; path = TodoTests.swift; sourceTree = "<group>"; };
		BE1B973124B611FC007536E9 /* Info.plist */ = {isa = PBXFileReference; lastKnownFileType = text.plist.xml; path = Info.plist; sourceTree = "<group>"; };
		BE1B973624B611FC007536E9 /* TodoUITests.xctest */ = {isa = PBXFileReference; explicitFileType = wrapper.cfbundle; includeInIndex = 0; path = TodoUITests.xctest; sourceTree = BUILT_PRODUCTS_DIR; };
		BE1B973A24B611FC007536E9 /* TodoUITests.swift */ = {isa = PBXFileReference; lastKnownFileType = sourcecode.swift; path = TodoUITests.swift; sourceTree = "<group>"; };
		BE1B973C24B611FC007536E9 /* Info.plist */ = {isa = PBXFileReference; lastKnownFileType = text.plist.xml; path = Info.plist; sourceTree = "<group>"; };
		BE1B974824B613BA007536E9 /* CategoryImage.swift */ = {isa = PBXFileReference; lastKnownFileType = sourcecode.swift; path = CategoryImage.swift; sourceTree = "<group>"; };
		BE1B974A24B76706007536E9 /* CheckBox.swift */ = {isa = PBXFileReference; lastKnownFileType = sourcecode.swift; path = CheckBox.swift; sourceTree = "<group>"; };
		BE1B974D24B77023007536E9 /* Color+Extension.swift */ = {isa = PBXFileReference; lastKnownFileType = sourcecode.swift; path = "Color+Extension.swift"; sourceTree = "<group>"; };
		BE1B974F24B770C5007536E9 /* UserView.swift */ = {isa = PBXFileReference; lastKnownFileType = sourcecode.swift; path = UserView.swift; sourceTree = "<group>"; };
		BED25D7D24B8A08600201CA7 /* TodoEntity+Extension.swift */ = {isa = PBXFileReference; lastKnownFileType = sourcecode.swift; path = "TodoEntity+Extension.swift"; sourceTree = "<group>"; };
		BED25D7F24B8A32200201CA7 /* CategoryView.swift */ = {isa = PBXFileReference; lastKnownFileType = sourcecode.swift; path = CategoryView.swift; sourceTree = "<group>"; };
/* End PBXFileReference section */

/* Begin PBXFrameworksBuildPhase section */
		BE1B970F24B611FA007536E9 /* Frameworks */ = {
			isa = PBXFrameworksBuildPhase;
			buildActionMask = 2147483647;
			files = (
			);
			runOnlyForDeploymentPostprocessing = 0;
		};
		BE1B972824B611FC007536E9 /* Frameworks */ = {
			isa = PBXFrameworksBuildPhase;
			buildActionMask = 2147483647;
			files = (
			);
			runOnlyForDeploymentPostprocessing = 0;
		};
		BE1B973324B611FC007536E9 /* Frameworks */ = {
			isa = PBXFrameworksBuildPhase;
			buildActionMask = 2147483647;
			files = (
			);
			runOnlyForDeploymentPostprocessing = 0;
		};
/* End PBXFrameworksBuildPhase section */

/* Begin PBXGroup section */
		BE1B970924B611FA007536E9 = {
			isa = PBXGroup;
			children = (
				BE1B971424B611FA007536E9 /* Todo */,
				BE1B972E24B611FC007536E9 /* TodoTests */,
				BE1B973924B611FC007536E9 /* TodoUITests */,
				BE1B971324B611FA007536E9 /* Products */,
			);
			sourceTree = "<group>";
		};
		BE1B971324B611FA007536E9 /* Products */ = {
			isa = PBXGroup;
			children = (
				BE1B971224B611FA007536E9 /* Todo.app */,
				BE1B972B24B611FC007536E9 /* TodoTests.xctest */,
				BE1B973624B611FC007536E9 /* TodoUITests.xctest */,
			);
			name = Products;
			sourceTree = "<group>";
		};
		BE1B971424B611FA007536E9 /* Todo */ = {
			isa = PBXGroup;
			children = (
				BE1B974C24B76FEF007536E9 /* Extension */,
				BE1B971524B611FA007536E9 /* AppDelegate.swift */,
				BE1B971724B611FA007536E9 /* SceneDelegate.swift */,
				BE1B971C24B611FA007536E9 /* ContentView.swift */,
				BE1B974824B613BA007536E9 /* CategoryImage.swift */,
				BE1B974A24B76706007536E9 /* CheckBox.swift */,
				BE1B974F24B770C5007536E9 /* UserView.swift */,
				BED25D7F24B8A32200201CA7 /* CategoryView.swift */,
				BE1B971E24B611FC007536E9 /* Assets.xcassets */,
				BE1B972324B611FC007536E9 /* LaunchScreen.storyboard */,
				BE1B972624B611FC007536E9 /* Info.plist */,
				BE1B971924B611FA007536E9 /* Todo.xcdatamodeld */,
				BE1B972024B611FC007536E9 /* Preview Content */,
			);
			path = Todo;
			sourceTree = "<group>";
		};
		BE1B972024B611FC007536E9 /* Preview Content */ = {
			isa = PBXGroup;
			children = (
				BE1B972124B611FC007536E9 /* Preview Assets.xcassets */,
			);
			path = "Preview Content";
			sourceTree = "<group>";
		};
		BE1B972E24B611FC007536E9 /* TodoTests */ = {
			isa = PBXGroup;
			children = (
				BE1B972F24B611FC007536E9 /* TodoTests.swift */,
				BE1B973124B611FC007536E9 /* Info.plist */,
			);
			path = TodoTests;
			sourceTree = "<group>";
		};
		BE1B973924B611FC007536E9 /* TodoUITests */ = {
			isa = PBXGroup;
			children = (
				BE1B973A24B611FC007536E9 /* TodoUITests.swift */,
				BE1B973C24B611FC007536E9 /* Info.plist */,
			);
			path = TodoUITests;
			sourceTree = "<group>";
		};
		BE1B974C24B76FEF007536E9 /* Extension */ = {
			isa = PBXGroup;
			children = (
				BE1B974D24B77023007536E9 /* Color+Extension.swift */,
				BED25D7D24B8A08600201CA7 /* TodoEntity+Extension.swift */,
			);
			path = Extension;
			sourceTree = "<group>";
		};
/* End PBXGroup section */

/* Begin PBXNativeTarget section */
		BE1B971124B611FA007536E9 /* Todo */ = {
			isa = PBXNativeTarget;
			buildConfigurationList = BE1B973F24B611FC007536E9 /* Build configuration list for PBXNativeTarget "Todo" */;
			buildPhases = (
				BE1B970E24B611FA007536E9 /* Sources */,
				BE1B970F24B611FA007536E9 /* Frameworks */,
				BE1B971024B611FA007536E9 /* Resources */,
			);
			buildRules = (
			);
			dependencies = (
			);
			name = Todo;
			productName = Todo;
			productReference = BE1B971224B611FA007536E9 /* Todo.app */;
			productType = "com.apple.product-type.application";
		};
		BE1B972A24B611FC007536E9 /* TodoTests */ = {
			isa = PBXNativeTarget;
			buildConfigurationList = BE1B974224B611FC007536E9 /* Build configuration list for PBXNativeTarget "TodoTests" */;
			buildPhases = (
				BE1B972724B611FC007536E9 /* Sources */,
				BE1B972824B611FC007536E9 /* Frameworks */,
				BE1B972924B611FC007536E9 /* Resources */,
			);
			buildRules = (
			);
			dependencies = (
				BE1B972D24B611FC007536E9 /* PBXTargetDependency */,
			);
			name = TodoTests;
			productName = TodoTests;
			productReference = BE1B972B24B611FC007536E9 /* TodoTests.xctest */;
			productType = "com.apple.product-type.bundle.unit-test";
		};
		BE1B973524B611FC007536E9 /* TodoUITests */ = {
			isa = PBXNativeTarget;
			buildConfigurationList = BE1B974524B611FC007536E9 /* Build configuration list for PBXNativeTarget "TodoUITests" */;
			buildPhases = (
				BE1B973224B611FC007536E9 /* Sources */,
				BE1B973324B611FC007536E9 /* Frameworks */,
				BE1B973424B611FC007536E9 /* Resources */,
			);
			buildRules = (
			);
			dependencies = (
				BE1B973824B611FC007536E9 /* PBXTargetDependency */,
			);
			name = TodoUITests;
			productName = TodoUITests;
			productReference = BE1B973624B611FC007536E9 /* TodoUITests.xctest */;
			productType = "com.apple.product-type.bundle.ui-testing";
		};
/* End PBXNativeTarget section */

/* Begin PBXProject section */
		BE1B970A24B611FA007536E9 /* Project object */ = {
			isa = PBXProject;
			attributes = {
				LastSwiftUpdateCheck = 1130;
				LastUpgradeCheck = 1130;
				ORGANIZATIONNAME = ken;
				TargetAttributes = {
					BE1B971124B611FA007536E9 = {
						CreatedOnToolsVersion = 11.3.1;
					};
					BE1B972A24B611FC007536E9 = {
						CreatedOnToolsVersion = 11.3.1;
						TestTargetID = BE1B971124B611FA007536E9;
					};
					BE1B973524B611FC007536E9 = {
						CreatedOnToolsVersion = 11.3.1;
						TestTargetID = BE1B971124B611FA007536E9;
					};
				};
			};
			buildConfigurationList = BE1B970D24B611FA007536E9 /* Build configuration list for PBXProject "Todo" */;
			compatibilityVersion = "Xcode 9.3";
			developmentRegion = en;
			hasScannedForEncodings = 0;
			knownRegions = (
				en,
				Base,
			);
			mainGroup = BE1B970924B611FA007536E9;
			productRefGroup = BE1B971324B611FA007536E9 /* Products */;
			projectDirPath = "";
			projectRoot = "";
			targets = (
				BE1B971124B611FA007536E9 /* Todo */,
				BE1B972A24B611FC007536E9 /* TodoTests */,
				BE1B973524B611FC007536E9 /* TodoUITests */,
			);
		};
/* End PBXProject section */

/* Begin PBXResourcesBuildPhase section */
		BE1B971024B611FA007536E9 /* Resources */ = {
			isa = PBXResourcesBuildPhase;
			buildActionMask = 2147483647;
			files = (
				BE1B972524B611FC007536E9 /* LaunchScreen.storyboard in Resources */,
				BE1B972224B611FC007536E9 /* Preview Assets.xcassets in Resources */,
				BE1B971F24B611FC007536E9 /* Assets.xcassets in Resources */,
			);
			runOnlyForDeploymentPostprocessing = 0;
		};
		BE1B972924B611FC007536E9 /* Resources */ = {
			isa = PBXResourcesBuildPhase;
			buildActionMask = 2147483647;
			files = (
			);
			runOnlyForDeploymentPostprocessing = 0;
		};
		BE1B973424B611FC007536E9 /* Resources */ = {
			isa = PBXResourcesBuildPhase;
			buildActionMask = 2147483647;
			files = (
			);
			runOnlyForDeploymentPostprocessing = 0;
		};
/* End PBXResourcesBuildPhase section */

/* Begin PBXSourcesBuildPhase section */
		BE1B970E24B611FA007536E9 /* Sources */ = {
			isa = PBXSourcesBuildPhase;
			buildActionMask = 2147483647;
			files = (
				BE1B971624B611FA007536E9 /* AppDelegate.swift in Sources */,
				BE1B974E24B77023007536E9 /* Color+Extension.swift in Sources */,
				BE1B971B24B611FA007536E9 /* Todo.xcdatamodeld in Sources */,
				BE1B975024B770C5007536E9 /* UserView.swift in Sources */,
				BED25D8024B8A32200201CA7 /* CategoryView.swift in Sources */,
				BE1B974B24B76707007536E9 /* CheckBox.swift in Sources */,
				BE1B971D24B611FA007536E9 /* ContentView.swift in Sources */,
				BE1B974924B613BA007536E9 /* CategoryImage.swift in Sources */,
				BED25D7E24B8A08600201CA7 /* TodoEntity+Extension.swift in Sources */,
				BE1B971824B611FA007536E9 /* SceneDelegate.swift in Sources */,
			);
			runOnlyForDeploymentPostprocessing = 0;
		};
		BE1B972724B611FC007536E9 /* Sources */ = {
			isa = PBXSourcesBuildPhase;
			buildActionMask = 2147483647;
			files = (
				BE1B973024B611FC007536E9 /* TodoTests.swift in Sources */,
			);
			runOnlyForDeploymentPostprocessing = 0;
		};
		BE1B973224B611FC007536E9 /* Sources */ = {
			isa = PBXSourcesBuildPhase;
			buildActionMask = 2147483647;
			files = (
				BE1B973B24B611FC007536E9 /* TodoUITests.swift in Sources */,
			);
			runOnlyForDeploymentPostprocessing = 0;
		};
/* End PBXSourcesBuildPhase section */

/* Begin PBXTargetDependency section */
		BE1B972D24B611FC007536E9 /* PBXTargetDependency */ = {
			isa = PBXTargetDependency;
			target = BE1B971124B611FA007536E9 /* Todo */;
			targetProxy = BE1B972C24B611FC007536E9 /* PBXContainerItemProxy */;
		};
		BE1B973824B611FC007536E9 /* PBXTargetDependency */ = {
			isa = PBXTargetDependency;
			target = BE1B971124B611FA007536E9 /* Todo */;
			targetProxy = BE1B973724B611FC007536E9 /* PBXContainerItemProxy */;
		};
/* End PBXTargetDependency section */

/* Begin PBXVariantGroup section */
		BE1B972324B611FC007536E9 /* LaunchScreen.storyboard */ = {
			isa = PBXVariantGroup;
			children = (
				BE1B972424B611FC007536E9 /* Base */,
			);
			name = LaunchScreen.storyboard;
			sourceTree = "<group>";
		};
/* End PBXVariantGroup section */

/* Begin XCBuildConfiguration section */
		BE1B973D24B611FC007536E9 /* Debug */ = {
			isa = XCBuildConfiguration;
			buildSettings = {
				ALWAYS_SEARCH_USER_PATHS = NO;
				CLANG_ANALYZER_NONNULL = YES;
				CLANG_ANALYZER_NUMBER_OBJECT_CONVERSION = YES_AGGRESSIVE;
				CLANG_CXX_LANGUAGE_STANDARD = "gnu++14";
				CLANG_CXX_LIBRARY = "libc++";
				CLANG_ENABLE_MODULES = YES;
				CLANG_ENABLE_OBJC_ARC = YES;
				CLANG_ENABLE_OBJC_WEAK = YES;
				CLANG_WARN_BLOCK_CAPTURE_AUTORELEASING = YES;
				CLANG_WARN_BOOL_CONVERSION = YES;
				CLANG_WARN_COMMA = YES;
				CLANG_WARN_CONSTANT_CONVERSION = YES;
				CLANG_WARN_DEPRECATED_OBJC_IMPLEMENTATIONS = YES;
				CLANG_WARN_DIRECT_OBJC_ISA_USAGE = YES_ERROR;
				CLANG_WARN_DOCUMENTATION_COMMENTS = YES;
				CLANG_WARN_EMPTY_BODY = YES;
				CLANG_WARN_ENUM_CONVERSION = YES;
				CLANG_WARN_INFINITE_RECURSION = YES;
				CLANG_WARN_INT_CONVERSION = YES;
				CLANG_WARN_NON_LITERAL_NULL_CONVERSION = YES;
				CLANG_WARN_OBJC_IMPLICIT_RETAIN_SELF = YES;
				CLANG_WARN_OBJC_LITERAL_CONVERSION = YES;
				CLANG_WARN_OBJC_ROOT_CLASS = YES_ERROR;
				CLANG_WARN_RANGE_LOOP_ANALYSIS = YES;
				CLANG_WARN_STRICT_PROTOTYPES = YES;
				CLANG_WARN_SUSPICIOUS_MOVE = YES;
				CLANG_WARN_UNGUARDED_AVAILABILITY = YES_AGGRESSIVE;
				CLANG_WARN_UNREACHABLE_CODE = YES;
				CLANG_WARN__DUPLICATE_METHOD_MATCH = YES;
				COPY_PHASE_STRIP = NO;
				DEBUG_INFORMATION_FORMAT = dwarf;
				ENABLE_STRICT_OBJC_MSGSEND = YES;
				ENABLE_TESTABILITY = YES;
				GCC_C_LANGUAGE_STANDARD = gnu11;
				GCC_DYNAMIC_NO_PIC = NO;
				GCC_NO_COMMON_BLOCKS = YES;
				GCC_OPTIMIZATION_LEVEL = 0;
				GCC_PREPROCESSOR_DEFINITIONS = (
					"DEBUG=1",
					"$(inherited)",
				);
				GCC_WARN_64_TO_32_BIT_CONVERSION = YES;
				GCC_WARN_ABOUT_RETURN_TYPE = YES_ERROR;
				GCC_WARN_UNDECLARED_SELECTOR = YES;
				GCC_WARN_UNINITIALIZED_AUTOS = YES_AGGRESSIVE;
				GCC_WARN_UNUSED_FUNCTION = YES;
				GCC_WARN_UNUSED_VARIABLE = YES;
				IPHONEOS_DEPLOYMENT_TARGET = 13.2;
				MTL_ENABLE_DEBUG_INFO = INCLUDE_SOURCE;
				MTL_FAST_MATH = YES;
				ONLY_ACTIVE_ARCH = YES;
				SDKROOT = iphoneos;
				SWIFT_ACTIVE_COMPILATION_CONDITIONS = DEBUG;
				SWIFT_OPTIMIZATION_LEVEL = "-Onone";
			};
			name = Debug;
		};
		BE1B973E24B611FC007536E9 /* Release */ = {
			isa = XCBuildConfiguration;
			buildSettings = {
				ALWAYS_SEARCH_USER_PATHS = NO;
				CLANG_ANALYZER_NONNULL = YES;
				CLANG_ANALYZER_NUMBER_OBJECT_CONVERSION = YES_AGGRESSIVE;
				CLANG_CXX_LANGUAGE_STANDARD = "gnu++14";
				CLANG_CXX_LIBRARY = "libc++";
				CLANG_ENABLE_MODULES = YES;
				CLANG_ENABLE_OBJC_ARC = YES;
				CLANG_ENABLE_OBJC_WEAK = YES;
				CLANG_WARN_BLOCK_CAPTURE_AUTORELEASING = YES;
				CLANG_WARN_BOOL_CONVERSION = YES;
				CLANG_WARN_COMMA = YES;
				CLANG_WARN_CONSTANT_CONVERSION = YES;
				CLANG_WARN_DEPRECATED_OBJC_IMPLEMENTATIONS = YES;
				CLANG_WARN_DIRECT_OBJC_ISA_USAGE = YES_ERROR;
				CLANG_WARN_DOCUMENTATION_COMMENTS = YES;
				CLANG_WARN_EMPTY_BODY = YES;
				CLANG_WARN_ENUM_CONVERSION = YES;
				CLANG_WARN_INFINITE_RECURSION = YES;
				CLANG_WARN_INT_CONVERSION = YES;
				CLANG_WARN_NON_LITERAL_NULL_CONVERSION = YES;
				CLANG_WARN_OBJC_IMPLICIT_RETAIN_SELF = YES;
				CLANG_WARN_OBJC_LITERAL_CONVERSION = YES;
				CLANG_WARN_OBJC_ROOT_CLASS = YES_ERROR;
				CLANG_WARN_RANGE_LOOP_ANALYSIS = YES;
				CLANG_WARN_STRICT_PROTOTYPES = YES;
				CLANG_WARN_SUSPICIOUS_MOVE = YES;
				CLANG_WARN_UNGUARDED_AVAILABILITY = YES_AGGRESSIVE;
				CLANG_WARN_UNREACHABLE_CODE = YES;
				CLANG_WARN__DUPLICATE_METHOD_MATCH = YES;
				COPY_PHASE_STRIP = NO;
				DEBUG_INFORMATION_FORMAT = "dwarf-with-dsym";
				ENABLE_NS_ASSERTIONS = NO;
				ENABLE_STRICT_OBJC_MSGSEND = YES;
				GCC_C_LANGUAGE_STANDARD = gnu11;
				GCC_NO_COMMON_BLOCKS = YES;
				GCC_WARN_64_TO_32_BIT_CONVERSION = YES;
				GCC_WARN_ABOUT_RETURN_TYPE = YES_ERROR;
				GCC_WARN_UNDECLARED_SELECTOR = YES;
				GCC_WARN_UNINITIALIZED_AUTOS = YES_AGGRESSIVE;
				GCC_WARN_UNUSED_FUNCTION = YES;
				GCC_WARN_UNUSED_VARIABLE = YES;
				IPHONEOS_DEPLOYMENT_TARGET = 13.2;
				MTL_ENABLE_DEBUG_INFO = NO;
				MTL_FAST_MATH = YES;
				SDKROOT = iphoneos;
				SWIFT_COMPILATION_MODE = wholemodule;
				SWIFT_OPTIMIZATION_LEVEL = "-O";
				VALIDATE_PRODUCT = YES;
			};
			name = Release;
		};
		BE1B974024B611FC007536E9 /* Debug */ = {
			isa = XCBuildConfiguration;
			buildSettings = {
				ASSETCATALOG_COMPILER_APPICON_NAME = AppIcon;
				CODE_SIGN_STYLE = Automatic;
				DEVELOPMENT_ASSET_PATHS = "\"Todo/Preview Content\"";
				ENABLE_PREVIEWS = YES;
				INFOPLIST_FILE = Todo/Info.plist;
				LD_RUNPATH_SEARCH_PATHS = (
					"$(inherited)",
					"@executable_path/Frameworks",
				);
				PRODUCT_BUNDLE_IDENTIFIER = ken.Todo;
				PRODUCT_NAME = "$(TARGET_NAME)";
				SWIFT_VERSION = 5.0;
				TARGETED_DEVICE_FAMILY = "1,2";
			};
			name = Debug;
		};
		BE1B974124B611FC007536E9 /* Release */ = {
			isa = XCBuildConfiguration;
			buildSettings = {
				ASSETCATALOG_COMPILER_APPICON_NAME = AppIcon;
				CODE_SIGN_STYLE = Automatic;
				DEVELOPMENT_ASSET_PATHS = "\"Todo/Preview Content\"";
				ENABLE_PREVIEWS = YES;
				INFOPLIST_FILE = Todo/Info.plist;
				LD_RUNPATH_SEARCH_PATHS = (
					"$(inherited)",
					"@executable_path/Frameworks",
				);
				PRODUCT_BUNDLE_IDENTIFIER = ken.Todo;
				PRODUCT_NAME = "$(TARGET_NAME)";
				SWIFT_VERSION = 5.0;
				TARGETED_DEVICE_FAMILY = "1,2";
			};
			name = Release;
		};
		BE1B974324B611FC007536E9 /* Debug */ = {
			isa = XCBuildConfiguration;
			buildSettings = {
				ALWAYS_EMBED_SWIFT_STANDARD_LIBRARIES = YES;
				BUNDLE_LOADER = "$(TEST_HOST)";
				CODE_SIGN_STYLE = Automatic;
				INFOPLIST_FILE = TodoTests/Info.plist;
				IPHONEOS_DEPLOYMENT_TARGET = 13.2;
				LD_RUNPATH_SEARCH_PATHS = (
					"$(inherited)",
					"@executable_path/Frameworks",
					"@loader_path/Frameworks",
				);
				PRODUCT_BUNDLE_IDENTIFIER = ken.TodoTests;
				PRODUCT_NAME = "$(TARGET_NAME)";
				SWIFT_VERSION = 5.0;
				TARGETED_DEVICE_FAMILY = "1,2";
				TEST_HOST = "$(BUILT_PRODUCTS_DIR)/Todo.app/Todo";
			};
			name = Debug;
		};
		BE1B974424B611FC007536E9 /* Release */ = {
			isa = XCBuildConfiguration;
			buildSettings = {
				ALWAYS_EMBED_SWIFT_STANDARD_LIBRARIES = YES;
				BUNDLE_LOADER = "$(TEST_HOST)";
				CODE_SIGN_STYLE = Automatic;
				INFOPLIST_FILE = TodoTests/Info.plist;
				IPHONEOS_DEPLOYMENT_TARGET = 13.2;
				LD_RUNPATH_SEARCH_PATHS = (
					"$(inherited)",
					"@executable_path/Frameworks",
					"@loader_path/Frameworks",
				);
				PRODUCT_BUNDLE_IDENTIFIER = ken.TodoTests;
				PRODUCT_NAME = "$(TARGET_NAME)";
				SWIFT_VERSION = 5.0;
				TARGETED_DEVICE_FAMILY = "1,2";
				TEST_HOST = "$(BUILT_PRODUCTS_DIR)/Todo.app/Todo";
			};
			name = Release;
		};
		BE1B974624B611FC007536E9 /* Debug */ = {
			isa = XCBuildConfiguration;
			buildSettings = {
				ALWAYS_EMBED_SWIFT_STANDARD_LIBRARIES = YES;
				CODE_SIGN_STYLE = Automatic;
				INFOPLIST_FILE = TodoUITests/Info.plist;
				LD_RUNPATH_SEARCH_PATHS = (
					"$(inherited)",
					"@executable_path/Frameworks",
					"@loader_path/Frameworks",
				);
				PRODUCT_BUNDLE_IDENTIFIER = ken.TodoUITests;
				PRODUCT_NAME = "$(TARGET_NAME)";
				SWIFT_VERSION = 5.0;
				TARGETED_DEVICE_FAMILY = "1,2";
				TEST_TARGET_NAME = Todo;
			};
			name = Debug;
		};
		BE1B974724B611FC007536E9 /* Release */ = {
			isa = XCBuildConfiguration;
			buildSettings = {
				ALWAYS_EMBED_SWIFT_STANDARD_LIBRARIES = YES;
				CODE_SIGN_STYLE = Automatic;
				INFOPLIST_FILE = TodoUITests/Info.plist;
				LD_RUNPATH_SEARCH_PATHS = (
					"$(inherited)",
					"@executable_path/Frameworks",
					"@loader_path/Frameworks",
				);
				PRODUCT_BUNDLE_IDENTIFIER = ken.TodoUITests;
				PRODUCT_NAME = "$(TARGET_NAME)";
				SWIFT_VERSION = 5.0;
				TARGETED_DEVICE_FAMILY = "1,2";
				TEST_TARGET_NAME = Todo;
			};
			name = Release;
		};
/* End XCBuildConfiguration section */

/* Begin XCConfigurationList section */
		BE1B970D24B611FA007536E9 /* Build configuration list for PBXProject "Todo" */ = {
			isa = XCConfigurationList;
			buildConfigurations = (
				BE1B973D24B611FC007536E9 /* Debug */,
				BE1B973E24B611FC007536E9 /* Release */,
			);
			defaultConfigurationIsVisible = 0;
			defaultConfigurationName = Release;
		};
		BE1B973F24B611FC007536E9 /* Build configuration list for PBXNativeTarget "Todo" */ = {
			isa = XCConfigurationList;
			buildConfigurations = (
				BE1B974024B611FC007536E9 /* Debug */,
				BE1B974124B611FC007536E9 /* Release */,
			);
			defaultConfigurationIsVisible = 0;
			defaultConfigurationName = Release;
		};
		BE1B974224B611FC007536E9 /* Build configuration list for PBXNativeTarget "TodoTests" */ = {
			isa = XCConfigurationList;
			buildConfigurations = (
				BE1B974324B611FC007536E9 /* Debug */,
				BE1B974424B611FC007536E9 /* Release */,
			);
			defaultConfigurationIsVisible = 0;
			defaultConfigurationName = Release;
		};
		BE1B974524B611FC007536E9 /* Build configuration list for PBXNativeTarget "TodoUITests" */ = {
			isa = XCConfigurationList;
			buildConfigurations = (
				BE1B974624B611FC007536E9 /* Debug */,
				BE1B974724B611FC007536E9 /* Release */,
			);
			defaultConfigurationIsVisible = 0;
			defaultConfigurationName = Release;
		};
/* End XCConfigurationList section */

/* Begin XCVersionGroup section */
		BE1B971924B611FA007536E9 /* Todo.xcdatamodeld */ = {
			isa = XCVersionGroup;
			children = (
				BE1B971A24B611FA007536E9 /* Todo.xcdatamodel */,
			);
			currentVersion = BE1B971A24B611FA007536E9 /* Todo.xcdatamodel */;
			path = Todo.xcdatamodeld;
			sourceTree = "<group>";
			versionGroupType = wrapper.xcdatamodel;
		};
/* End XCVersionGroup section */
	};
	rootObject = BE1B970A24B611FA007536E9 /* Project object */;
}
